
Microsoft Visual Studio Solution File, Format Version 12.00
# Visual Studio 15
VisualStudioVersion = 15.0.27004.2002
MinimumVisualStudioVersion = 10.0.40219.1
Project("{FAE04EC0-301F-11D3-BF4B-00C04F79EFBC}") = "RestaurantService", "RestaurantService\RestaurantService.csproj", "{51EF1FE4-27F6-48A1-8108-B46823B77B34}"
EndProject
Project("{FAE04EC0-301F-11D3-BF4B-00C04F79EFBC}") = "RestaurantService.Tests", "RestaurantService.Tests\RestaurantService.Tests.csproj", "{DB0B4EE4-6BF0-4908-A35F-DBDD128AEA62}"
EndProject
Project("{FAE04EC0-301F-11D3-BF4B-00C04F79EFBC}") = "MenuService", "MenuService\MenuService.csproj", "{B8FC29E2-40C6-4573-8276-0247E7F1174B}"
EndProject
Project("{FAE04EC0-301F-11D3-BF4B-00C04F79EFBC}") = "MenuService.Tests", "MenuService.Tests\MenuService.Tests.csproj", "{6B0E5633-CA21-4CBC-B109-C1A3BCF2C757}"
EndProject
Project("{FAE04EC0-301F-11D3-BF4B-00C04F79EFBC}") = "BookingService", "BookingService\BookingService.csproj", "{5A8E4038-8226-4998-BDC7-0FA0422B18A6}"
EndProject
Project("{FAE04EC0-301F-11D3-BF4B-00C04F79EFBC}") = "BookingService.Tests", "BookingService.Tests\BookingService.Tests.csproj", "{00AF9A4D-E362-4233-9C2E-17AD44858260}"
EndProject
Project("{FAE04EC0-301F-11D3-BF4B-00C04F79EFBC}") = "WebApi", "WebApi\WebApi.csproj", "{081FA2D6-7990-4C1D-B638-FF962B9959C8}"
EndProject
Project("{FAE04EC0-301F-11D3-BF4B-00C04F79EFBC}") = "WebApi.Tests", "WebApi.Tests\WebApi.Tests.csproj", "{24CA0C75-4967-44B7-AF03-A5F8D9AB8B0E}"
EndProject
Project("{FAE04EC0-301F-11D3-BF4B-00C04F79EFBC}") = "BookingSystemApp", "BookingSystemApp\BookingSystemApp.csproj", "{7E30B483-6FDF-40A7-A655-E8EDAC7A67CF}"
EndProject
Project("{FAE04EC0-301F-11D3-BF4B-00C04F79EFBC}") = "BookingSystemApp.Tests", "BookingSystemApp.Tests\BookingSystemApp.Tests.csproj", "{0FB39BD1-9984-472F-BD14-85A9FA7EFD8D}"
EndProject
Project("{FAE04EC0-301F-11D3-BF4B-00C04F79EFBC}") = "LibBookingService", "LibBookingService\LibBookingService.csproj", "{7C3C9331-DC96-4843-AC24-347B8F576CEB}"
EndProject
Project("{FAE04EC0-301F-11D3-BF4B-00C04F79EFBC}") = "CustomerService", "CustomerService\CustomerService.csproj", "{968D05E1-C285-4EE6-8D54-3A64AF8D4F76}"
EndProject
Project("{FAE04EC0-301F-11D3-BF4B-00C04F79EFBC}") = "CustomerService.Tests", "CustomerService.Tests\CustomerService.Tests.csproj", "{48AF5FF4-9113-4914-911C-4666DA71EE0C}"
EndProject
Global
	GlobalSection(SolutionConfigurationPlatforms) = preSolution
		Debug|Any CPU = Debug|Any CPU
		Release|Any CPU = Release|Any CPU
	EndGlobalSection
	GlobalSection(ProjectConfigurationPlatforms) = postSolution
		{51EF1FE4-27F6-48A1-8108-B46823B77B34}.Debug|Any CPU.ActiveCfg = Debug|Any CPU
		{51EF1FE4-27F6-48A1-8108-B46823B77B34}.Debug|Any CPU.Build.0 = Debug|Any CPU
		{51EF1FE4-27F6-48A1-8108-B46823B77B34}.Release|Any CPU.ActiveCfg = Release|Any CPU
		{51EF1FE4-27F6-48A1-8108-B46823B77B34}.Release|Any CPU.Build.0 = Release|Any CPU
		{DB0B4EE4-6BF0-4908-A35F-DBDD128AEA62}.Debug|Any CPU.ActiveCfg = Debug|Any CPU
		{DB0B4EE4-6BF0-4908-A35F-DBDD128AEA62}.Debug|Any CPU.Build.0 = Debug|Any CPU
		{DB0B4EE4-6BF0-4908-A35F-DBDD128AEA62}.Release|Any CPU.ActiveCfg = Release|Any CPU
		{DB0B4EE4-6BF0-4908-A35F-DBDD128AEA62}.Release|Any CPU.Build.0 = Release|Any CPU
		{B8FC29E2-40C6-4573-8276-0247E7F1174B}.Debug|Any CPU.ActiveCfg = Debug|Any CPU
		{B8FC29E2-40C6-4573-8276-0247E7F1174B}.Debug|Any CPU.Build.0 = Debug|Any CPU
		{B8FC29E2-40C6-4573-8276-0247E7F1174B}.Release|Any CPU.ActiveCfg = Release|Any CPU
		{B8FC29E2-40C6-4573-8276-0247E7F1174B}.Release|Any CPU.Build.0 = Release|Any CPU
		{6B0E5633-CA21-4CBC-B109-C1A3BCF2C757}.Debug|Any CPU.ActiveCfg = Debug|Any CPU
		{6B0E5633-CA21-4CBC-B109-C1A3BCF2C757}.Debug|Any CPU.Build.0 = Debug|Any CPU
		{6B0E5633-CA21-4CBC-B109-C1A3BCF2C757}.Release|Any CPU.ActiveCfg = Release|Any CPU
		{6B0E5633-CA21-4CBC-B109-C1A3BCF2C757}.Release|Any CPU.Build.0 = Release|Any CPU
		{5A8E4038-8226-4998-BDC7-0FA0422B18A6}.Debug|Any CPU.ActiveCfg = Debug|Any CPU
		{5A8E4038-8226-4998-BDC7-0FA0422B18A6}.Debug|Any CPU.Build.0 = Debug|Any CPU
		{5A8E4038-8226-4998-BDC7-0FA0422B18A6}.Release|Any CPU.ActiveCfg = Release|Any CPU
		{5A8E4038-8226-4998-BDC7-0FA0422B18A6}.Release|Any CPU.Build.0 = Release|Any CPU
		{00AF9A4D-E362-4233-9C2E-17AD44858260}.Debug|Any CPU.ActiveCfg = Debug|Any CPU
		{00AF9A4D-E362-4233-9C2E-17AD44858260}.Debug|Any CPU.Build.0 = Debug|Any CPU
		{00AF9A4D-E362-4233-9C2E-17AD44858260}.Release|Any CPU.ActiveCfg = Release|Any CPU
		{00AF9A4D-E362-4233-9C2E-17AD44858260}.Release|Any CPU.Build.0 = Release|Any CPU
		{081FA2D6-7990-4C1D-B638-FF962B9959C8}.Debug|Any CPU.ActiveCfg = Debug|Any CPU
		{081FA2D6-7990-4C1D-B638-FF962B9959C8}.Debug|Any CPU.Build.0 = Debug|Any CPU
		{081FA2D6-7990-4C1D-B638-FF962B9959C8}.Release|Any CPU.ActiveCfg = Release|Any CPU
		{081FA2D6-7990-4C1D-B638-FF962B9959C8}.Release|Any CPU.Build.0 = Release|Any CPU
		{24CA0C75-4967-44B7-AF03-A5F8D9AB8B0E}.Debug|Any CPU.ActiveCfg = Debug|Any CPU
		{24CA0C75-4967-44B7-AF03-A5F8D9AB8B0E}.Debug|Any CPU.Build.0 = Debug|Any CPU
		{24CA0C75-4967-44B7-AF03-A5F8D9AB8B0E}.Release|Any CPU.ActiveCfg = Release|Any CPU
		{24CA0C75-4967-44B7-AF03-A5F8D9AB8B0E}.Release|Any CPU.Build.0 = Release|Any CPU
		{7E30B483-6FDF-40A7-A655-E8EDAC7A67CF}.Debug|Any CPU.ActiveCfg = Debug|Any CPU
		{7E30B483-6FDF-40A7-A655-E8EDAC7A67CF}.Debug|Any CPU.Build.0 = Debug|Any CPU
		{7E30B483-6FDF-40A7-A655-E8EDAC7A67CF}.Release|Any CPU.ActiveCfg = Release|Any CPU
		{7E30B483-6FDF-40A7-A655-E8EDAC7A67CF}.Release|Any CPU.Build.0 = Release|Any CPU
		{0FB39BD1-9984-472F-BD14-85A9FA7EFD8D}.Debug|Any CPU.ActiveCfg = Debug|Any CPU
		{0FB39BD1-9984-472F-BD14-85A9FA7EFD8D}.Debug|Any CPU.Build.0 = Debug|Any CPU
		{0FB39BD1-9984-472F-BD14-85A9FA7EFD8D}.Release|Any CPU.ActiveCfg = Release|Any CPU
		{0FB39BD1-9984-472F-BD14-85A9FA7EFD8D}.Release|Any CPU.Build.0 = Release|Any CPU
		{7C3C9331-DC96-4843-AC24-347B8F576CEB}.Debug|Any CPU.ActiveCfg = Debug|Any CPU
		{7C3C9331-DC96-4843-AC24-347B8F576CEB}.Debug|Any CPU.Build.0 = Debug|Any CPU
		{7C3C9331-DC96-4843-AC24-347B8F576CEB}.Release|Any CPU.ActiveCfg = Release|Any CPU
		{7C3C9331-DC96-4843-AC24-347B8F576CEB}.Release|Any CPU.Build.0 = Release|Any CPU
		{968D05E1-C285-4EE6-8D54-3A64AF8D4F76}.Debug|Any CPU.ActiveCfg = Debug|Any CPU
		{968D05E1-C285-4EE6-8D54-3A64AF8D4F76}.Debug|Any CPU.Build.0 = Debug|Any CPU
		{968D05E1-C285-4EE6-8D54-3A64AF8D4F76}.Release|Any CPU.ActiveCfg = Release|Any CPU
		{968D05E1-C285-4EE6-8D54-3A64AF8D4F76}.Release|Any CPU.Build.0 = Release|Any CPU
		{48AF5FF4-9113-4914-911C-4666DA71EE0C}.Debug|Any CPU.ActiveCfg = Debug|Any CPU
		{48AF5FF4-9113-4914-911C-4666DA71EE0C}.Debug|Any CPU.Build.0 = Debug|Any CPU
		{48AF5FF4-9113-4914-911C-4666DA71EE0C}.Release|Any CPU.ActiveCfg = Release|Any CPU
		{48AF5FF4-9113-4914-911C-4666DA71EE0C}.Release|Any CPU.Build.0 = Release|Any CPU
	EndGlobalSection
	GlobalSection(SolutionProperties) = preSolution
		HideSolutionNode = FALSE
	EndGlobalSection
	GlobalSection(ExtensibilityGlobals) = postSolution
		SolutionGuid = {39C164DB-1A50-4CC6-BDDC-213AB169E35B}
	EndGlobalSection
EndGlobal
